<?xml version="1.0" encoding="utf-8"?>
<Project ToolsVersion="4.0" xmlns="http://schemas.microsoft.com/developer/msbuild/2003">
  <ItemGroup>
    <Filter Include="소스 파일">
      <UniqueIdentifier>{4FC737F1-C7A5-4376-A066-2A32D752A2FF}</UniqueIdentifier>
      <Extensions>cpp;c;cc;cxx;c++;cppm;ixx;def;odl;idl;hpj;bat;asm;asmx</Extensions>
    </Filter>
    <Filter Include="리소스 파일">
      <UniqueIdentifier>{67DA6AB6-F800-4c08-8B7A-83BB121AAD01}</UniqueIdentifier>
      <Extensions>rc;ico;cur;bmp;dlg;rc2;rct;bin;rgs;gif;jpg;jpeg;jpe;resx;tiff;tif;png;wav;mfcribbon-ms</Extensions>
    </Filter>
    <Filter Include="소스 파일\Core">
      <UniqueIdentifier>{1ef0fee5-24c9-4277-8e8c-51cdd0397d1b}</UniqueIdentifier>
    </Filter>
    <Filter Include="소스 파일\GamePlay">
      <UniqueIdentifier>{84c5da02-bba1-444a-b591-a5f4347cecf0}</UniqueIdentifier>
    </Filter>
    <Filter Include="소스 파일\Map">
      <UniqueIdentifier>{ac3a26bc-f039-4da9-92d7-aaa91e442c88}</UniqueIdentifier>
    </Filter>
    <Filter Include="소스 파일\System">
      <UniqueIdentifier>{7e52d0d3-bbcc-449a-8eea-3bd0a374d39e}</UniqueIdentifier>
    </Filter>
    <Filter Include="소스 파일\Utils">
      <UniqueIdentifier>{fe43d19f-6c9b-4839-b497-287c520a6c92}</UniqueIdentifier>
    </Filter>
    <Filter Include="헤더 파일">
      <UniqueIdentifier>{06e21825-29e1-470f-a447-c3a30d056c35}</UniqueIdentifier>
    </Filter>
    <Filter Include="소스 파일\GamePlay\Character">
      <UniqueIdentifier>{a90b7764-cc1e-4208-8660-e766fc19d704}</UniqueIdentifier>
    </Filter>
    <Filter Include="소스 파일\GamePlay\Character\Component">
      <UniqueIdentifier>{97dbe89c-1295-49bd-aaec-ecf1f90bc4b6}</UniqueIdentifier>
    </Filter>
    <Filter Include="소스 파일\GamePlay\Combat">
      <UniqueIdentifier>{c9b14e81-3f9d-40c8-8b45-2335b3b74a98}</UniqueIdentifier>
    </Filter>
    <Filter Include="DB_Json">
      <UniqueIdentifier>{81a5d0a1-8565-437a-9a21-11b9008ca1f4}</UniqueIdentifier>
    </Filter>
    <Filter Include="소스 파일\GamePlay\EventStage">
      <UniqueIdentifier>{b16a40e2-9e20-40a5-8aee-41e88c06e408}</UniqueIdentifier>
    </Filter>
    <Filter Include="소스 파일\GamePlay\Character\Player">
      <UniqueIdentifier>{0cecad35-9233-4931-a32b-40b7f9f4dbc4}</UniqueIdentifier>
    </Filter>
    <Filter Include="소스 파일\GamePlay\Character\Enemy">
      <UniqueIdentifier>{c615b702-cc89-42d4-8a37-561f05b2a239}</UniqueIdentifier>
    </Filter>
    <Filter Include="소스 파일\GamePlay\Character\Enemy\AI">
      <UniqueIdentifier>{6efbb63e-a600-45f0-8d89-ce3430d6adcf}</UniqueIdentifier>
    </Filter>
    <Filter Include="소스 파일\UI">
      <UniqueIdentifier>{87fc3a3f-a95c-4131-9a21-5477f5a3c926}</UniqueIdentifier>
    </Filter>
    <Filter Include="소스 파일\UI\Views">
      <UniqueIdentifier>{30168624-6c0f-4d6e-a0fc-58216216337c}</UniqueIdentifier>
    </Filter>
  </ItemGroup>
  <ItemGroup>
    <ClCompile Include="Source\Main.cpp">
      <Filter>소스 파일</Filter>
    </ClCompile>
    <ClCompile Include="Source\Game.cpp">
      <Filter>소스 파일\Core</Filter>
    </ClCompile>
    <ClCompile Include="Source\GameStateManager.cpp">
      <Filter>소스 파일\Core</Filter>
    </ClCompile>
    <ClCompile Include="Source\EventDispatcher.cpp">
      <Filter>소스 파일\System</Filter>
    </ClCompile>
    <ClCompile Include="Source\AbilityComponent.cpp">
      <Filter>소스 파일\GamePlay\Character\Component</Filter>
    </ClCompile>
    <ClCompile Include="Source\Component.cpp">
      <Filter>소스 파일\GamePlay\Character\Component</Filter>
    </ClCompile>
    <ClCompile Include="Source\StatusComponent.cpp">
      <Filter>소스 파일\GamePlay\Character\Component</Filter>
    </ClCompile>
    <ClCompile Include="Source\Character.cpp">
      <Filter>소스 파일\GamePlay\Character</Filter>
    </ClCompile>
    <ClCompile Include="Source\ButtonRenderer.cpp">
      <Filter>소스 파일\UI\Views</Filter>
    </ClCompile>
    <ClCompile Include="Source\ButtonFactory.cpp">
      <Filter>소스 파일\UI\Views</Filter>
    </ClCompile>
    <ClCompile Include="Source\MainMenuButtons.cpp">
      <Filter>소스 파일\UI\Views</Filter>
    </ClCompile>
    <ClCompile Include="Source\RestButtons.cpp">
      <Filter>소스 파일\UI\Views</Filter>
    </ClCompile>
    <ClCompile Include="Source\CombatButtons.cpp">
      <Filter>소스 파일\UI\Views</Filter>
    </ClCompile>
    <ClCompile Include="Source\BattleResultButtons.cpp">
      <Filter>소스 파일\UI\Views</Filter>
    </ClCompile>
    <ClCompile Include="Source\EventButtons.cpp">
      <Filter>소스 파일\UI\Views</Filter>
    </ClCompile>
    <ClCompile Include="Source\BattleResultView.cpp">
      <Filter>소스 파일\UI\Views</Filter>
    </ClCompile>
    <ClCompile Include="Source\EnemyFSM.cpp">
      <Filter>소스 파일\GamePlay\Character\Enemy\AI</Filter>
    </ClCompile>
    <ClCompile Include="Source\MapManager.cpp">
      <Filter>소스 파일\Map</Filter>
    </ClCompile>
    <ClCompile Include="Source\Map.cpp">
      <Filter>소스 파일\Map</Filter>
    </ClCompile>
    <ClCompile Include="Source\MapView.cpp">
      <Filter>소스 파일\UI\Views</Filter>
    </ClCompile>
    <ClCompile Include="Source\CombatView.cpp">
      <Filter>소스 파일\UI\Views</Filter>
    </ClCompile>
    <ClCompile Include="Source\Logger.cpp">
      <Filter>소스 파일\Utils</Filter>
    </ClCompile>
    <ClCompile Include="Source\CharacterView.cpp">
      <Filter>소스 파일\UI\Views</Filter>
    </ClCompile>
    <ClCompile Include="Source\CombatManager.cpp">
      <Filter>소스 파일\GamePlay\Combat</Filter>
    </ClCompile>
    <ClCompile Include="Source\PlayerTurnController.cpp">
      <Filter>소스 파일\GamePlay\Combat</Filter>
    </ClCompile>
    <ClCompile Include="Source\EnemyTurnController.cpp">
      <Filter>소스 파일\GamePlay\Combat</Filter>
    </ClCompile>
    <ClCompile Include="Source\BattleResultController.cpp">
      <Filter>소스 파일\GamePlay\Combat</Filter>
    </ClCompile>
    <ClCompile Include="Source\BattleRewardController.cpp">
      <Filter>소스 파일\GamePlay\Combat</Filter>
    </ClCompile>
    <ClCompile Include="Source\CombatRuleEffect.cpp">
      <Filter>소스 파일\GamePlay\Combat</Filter>
    </ClCompile>
    <ClCompile Include="Source\BossPhase2RuleEffect.cpp">
      <Filter>소스 파일\GamePlay\Combat</Filter>
    </ClCompile>
    <ClCompile Include="Source\EnemyManager.cpp">
      <Filter>소스 파일\GamePlay\Character\Enemy\AI</Filter>
    </ClCompile>
    <ClCompile Include="Source\EventStageManager.cpp">
      <Filter>소스 파일\GamePlay\EventStage</Filter>
    </ClCompile>
    <ClCompile Include="Source\Player.cpp">
      <Filter>소스 파일\GamePlay\Character\Player</Filter>
    </ClCompile>
    <ClCompile Include="Source\BossEnemy.cpp">
      <Filter>소스 파일\GamePlay\Character\Enemy</Filter>
    </ClCompile>
    <ClCompile Include="Source\Enemy.cpp">
      <Filter>소스 파일\GamePlay\Character\Enemy</Filter>
    </ClCompile>
    <ClCompile Include="Source\GameDataManager.cpp">
      <Filter>소스 파일\System</Filter>
    </ClCompile>
    <ClCompile Include="Source\MainMenu.cpp">
      <Filter>소스 파일\UI\Views</Filter>
    </ClCompile>
    <ClCompile Include="Source\PokerCard.cpp">
      <Filter>소스 파일\GamePlay</Filter>
    </ClCompile>
    <ClCompile Include="Source\ConsoleFramework.cpp">
      <Filter>소스 파일\System</Filter>
    </ClCompile>
    <ClCompile Include="Source\UIManager.cpp">
      <Filter>소스 파일\UI</Filter>
    </ClCompile>
    <ClCompile Include="Source\PlayerInfoView.cpp">
      <Filter>소스 파일\UI\Views</Filter>
    </ClCompile>
  </ItemGroup>
  <ItemGroup>
    <ClInclude Include="Source\Game.h">
      <Filter>소스 파일\Core</Filter>
    </ClInclude>
    <ClInclude Include="Source\GameStateManager.h">
      <Filter>소스 파일\Core</Filter>
    </ClInclude>
    <ClInclude Include="Source\EventDispatcher.h">
      <Filter>소스 파일\System</Filter>
    </ClInclude>
    <ClInclude Include="Source\Utils.h">
      <Filter>소스 파일\Utils</Filter>
    </ClInclude>
    <ClInclude Include="Source\AbilityComponent.h">
      <Filter>소스 파일\GamePlay\Character\Component</Filter>
    </ClInclude>
    <ClInclude Include="Source\Component.h">
      <Filter>소스 파일\GamePlay\Character\Component</Filter>
    </ClInclude>
    <ClInclude Include="Source\StatusComponent.h">
      <Filter>소스 파일\GamePlay\Character\Component</Filter>
    </ClInclude>
    <ClInclude Include="Source\Character.h">
      <Filter>소스 파일\GamePlay\Character</Filter>
    </ClInclude>
    <ClInclude Include="Source\Button.h">
      <Filter>소스 파일\UI\Views</Filter>
    </ClInclude>
    <ClInclude Include="Source\ButtonFactory.h">
      <Filter>소스 파일\UI\Views</Filter>
    </ClInclude>
    <ClInclude Include="Source\ButtonRenderer.h">
      <Filter>소스 파일\UI\Views</Filter>
    </ClInclude>
    <ClInclude Include="Source\View.h">
      <Filter>소스 파일\UI\Views</Filter>
    </ClInclude>
    <ClInclude Include="Source\MainMenuButtons.h">
      <Filter>소스 파일\UI\Views</Filter>
    </ClInclude>
    <ClInclude Include="Source\RestButtons.h">
      <Filter>소스 파일\UI\Views</Filter>
    </ClInclude>
    <ClInclude Include="Source\CombatButtons.h">
      <Filter>소스 파일\UI\Views</Filter>
    </ClInclude>
    <ClInclude Include="Source\BattleResultButtons.h">
      <Filter>소스 파일\UI\Views</Filter>
    </ClInclude>
    <ClInclude Include="Source\EventButtons.h">
      <Filter>소스 파일\UI\Views</Filter>
    </ClInclude>
    <ClInclude Include="Source\BattleResultView.h">
      <Filter>소스 파일\UI\Views</Filter>
    </ClInclude>
    <ClInclude Include="Source\BattleRewardOption.h">
      <Filter>소스 파일\UI\Views</Filter>
    </ClInclude>
    <ClInclude Include="Source\EnemyFSM.h">
      <Filter>소스 파일\GamePlay\Character\Enemy\AI</Filter>
    </ClInclude>
    <ClInclude Include="Source\Logger.h">
      <Filter>소스 파일\Utils</Filter>
    </ClInclude>
    <ClInclude Include="Source\MapManager.h">
      <Filter>소스 파일\Map</Filter>
    </ClInclude>
    <ClInclude Include="Source\Node.h">
      <Filter>소스 파일\Map</Filter>
    </ClInclude>
    <ClInclude Include="Source\MapView.h">
      <Filter>소스 파일\UI\Views</Filter>
    </ClInclude>
    <ClInclude Include="Source\CombatView.h">
      <Filter>소스 파일\UI\Views</Filter>
    </ClInclude>
    <ClInclude Include="Source\CharacterView.h">
      <Filter>소스 파일\UI\Views</Filter>
    </ClInclude>
    <ClInclude Include="Source\CombatManager.h">
      <Filter>소스 파일\GamePlay\Combat</Filter>
    </ClInclude>
    <ClInclude Include="Source\CombatContext.h">
      <Filter>소스 파일\GamePlay\Combat</Filter>
    </ClInclude>
    <ClInclude Include="Source\PlayerTurnController.h">
      <Filter>소스 파일\GamePlay\Combat</Filter>
    </ClInclude>
    <ClInclude Include="Source\EnemyTurnController.h">
      <Filter>소스 파일\GamePlay\Combat</Filter>
    </ClInclude>
    <ClInclude Include="Source\BattleResultController.h">
      <Filter>소스 파일\GamePlay\Combat</Filter>
    </ClInclude>
    <ClInclude Include="Source\BattleRewardController.h">
      <Filter>소스 파일\GamePlay\Combat</Filter>
    </ClInclude>
    <ClInclude Include="Source\CombatRuleEffect.h">
      <Filter>소스 파일\GamePlay\Combat</Filter>
    </ClInclude>
    <ClInclude Include="Source\BossPhase2RuleEffect.h">
      <Filter>소스 파일\GamePlay\Combat</Filter>
    </ClInclude>
    <ClInclude Include="Source\EnemyManager.h">
      <Filter>소스 파일\GamePlay\Character\Enemy\AI</Filter>
    </ClInclude>
    <ClInclude Include="Source\json.hpp">
      <Filter>소스 파일\Utils</Filter>
    </ClInclude>
    <ClInclude Include="Source\EventStageManager.h">
      <Filter>소스 파일\GamePlay\EventStage</Filter>
    </ClInclude>
    <ClInclude Include="Source\EventStage.h">
      <Filter>소스 파일\GamePlay\EventStage</Filter>
    </ClInclude>
    <ClInclude Include="Source\Instance.h">
      <Filter>소스 파일\Utils</Filter>
    </ClInclude>
    <ClInclude Include="Source\Player.h">
      <Filter>소스 파일\GamePlay\Character\Player</Filter>
    </ClInclude>
    <ClInclude Include="Source\BossEnemy.h">
      <Filter>소스 파일\GamePlay\Character\Enemy</Filter>
    </ClInclude>
    <ClInclude Include="Source\Enemy.h">
      <Filter>소스 파일\GamePlay\Character\Enemy</Filter>
    </ClInclude>
    <ClInclude Include="Source\GameDataManager.h">
      <Filter>소스 파일\System</Filter>
    </ClInclude>
    <ClInclude Include="Source\MainMenu.h">
      <Filter>소스 파일\UI\Views</Filter>
    </ClInclude>
    <ClInclude Include="Source\PokerCard.h">
      <Filter>소스 파일\GamePlay</Filter>
    </ClInclude>
    <ClInclude Include="Source\ConsoleFramework.h">
      <Filter>소스 파일\System</Filter>
    </ClInclude>
    <ClInclude Include="Source\UIManager.h">
      <Filter>소스 파일\UI</Filter>
    </ClInclude>
    <ClInclude Include="Source\PlayerInfoView.h">
      <Filter>소스 파일\UI\Views</Filter>
    </ClInclude>
  </ItemGroup>
  <ItemGroup>
    <None Include="Source\Map.h">
      <Filter>소스 파일\Map</Filter>
    </None>
    <None Include="DB_Enemy.json">
      <Filter>DB_Json</Filter>
    </None>
    <None Include="DB_GameSaveData.json">
      <Filter>DB_Json</Filter>
    </None>
    <None Include="DB_Items.json">
      <Filter>DB_Json</Filter>
    </None>
    <None Include="DB_Player.json">
      <Filter>DB_Json</Filter>
    </None>
    <None Include="DB_EventStage.json">
      <Filter>DB_Json</Filter>
    </None>
  </ItemGroup>
</Project>
